
Microsoft Visual Studio Solution File, Format Version 12.00
# Visual Studio Version 16
VisualStudioVersion = 16.0.29509.3
MinimumVisualStudioVersion = 10.0.40219.1
Project("{FAE04EC0-301F-11D3-BF4B-00C04F79EFBC}") = "Notes.Android", "Notes\Notes.Android\Notes.Android.csproj", "{31B44556-26DD-40C9-8EA6-0E2FDA637596}"
EndProject
Project("{FAE04EC0-301F-11D3-BF4B-00C04F79EFBC}") = "Notes.iOS", "Notes\Notes.iOS\Notes.iOS.csproj", "{55265E4F-66B4-4073-88DB-4B1E56C3DA5E}"
EndProject
Project("{FAE04EC0-301F-11D3-BF4B-00C04F79EFBC}") = "Notes", "Notes\Notes\Notes.csproj", "{D6ABFFBB-DE9F-432F-9E2D-CFA8B0C8090A}"
EndProject
Global
	GlobalSection(SolutionConfigurationPlatforms) = preSolution
		Debug|Any CPU = Debug|Any CPU
		Debug|iPhone = Debug|iPhone
		Debug|iPhoneSimulator = Debug|iPhoneSimulator
		Release|Any CPU = Release|Any CPU
		Release|iPhone = Release|iPhone
		Release|iPhoneSimulator = Release|iPhoneSimulator
	EndGlobalSection
	GlobalSection(ProjectConfigurationPlatforms) = postSolution
		{31B44556-26DD-40C9-8EA6-0E2FDA637596}.Debug|Any CPU.ActiveCfg = Debug|Any CPU
		{31B44556-26DD-40C9-8EA6-0E2FDA637596}.Debug|Any CPU.Build.0 = Debug|Any CPU
		{31B44556-26DD-40C9-8EA6-0E2FDA637596}.Debug|Any CPU.Deploy.0 = Debug|Any CPU
		{31B44556-26DD-40C9-8EA6-0E2FDA637596}.Debug|iPhone.ActiveCfg = Debug|Any CPU
		{31B44556-26DD-40C9-8EA6-0E2FDA637596}.Debug|iPhone.Build.0 = Debug|Any CPU
		{31B44556-26DD-40C9-8EA6-0E2FDA637596}.Debug|iPhone.Deploy.0 = Debug|Any CPU
		{31B44556-26DD-40C9-8EA6-0E2FDA637596}.Debug|iPhoneSimulator.ActiveCfg = Debug|Any CPU
		{31B44556-26DD-40C9-8EA6-0E2FDA637596}.Debug|iPhoneSimulator.Build.0 = Debug|Any CPU
		{31B44556-26DD-40C9-8EA6-0E2FDA637596}.Debug|iPhoneSimulator.Deploy.0 = Debug|Any CPU
		{31B44556-26DD-40C9-8EA6-0E2FDA637596}.Release|Any CPU.ActiveCfg = Release|Any CPU
		{31B44556-26DD-40C9-8EA6-0E2FDA637596}.Release|Any CPU.Build.0 = Release|Any CPU
		{31B44556-26DD-40C9-8EA6-0E2FDA637596}.Release|Any CPU.Deploy.0 = Release|Any CPU
		{31B44556-26DD-40C9-8EA6-0E2FDA637596}.Release|iPhone.ActiveCfg = Release|Any CPU
		{31B44556-26DD-40C9-8EA6-0E2FDA637596}.Release|iPhone.Build.0 = Release|Any CPU
		{31B44556-26DD-40C9-8EA6-0E2FDA637596}.Release|iPhone.Deploy.0 = Release|Any CPU
		{31B44556-26DD-40C9-8EA6-0E2FDA637596}.Release|iPhoneSimulator.ActiveCfg = Release|Any CPU
		{31B44556-26DD-40C9-8EA6-0E2FDA637596}.Release|iPhoneSimulator.Build.0 = Release|Any CPU
		{31B44556-26DD-40C9-8EA6-0E2FDA637596}.Release|iPhoneSimulator.Deploy.0 = Release|Any CPU
		{55265E4F-66B4-4073-88DB-4B1E56C3DA5E}.Debug|Any CPU.ActiveCfg = Debug|iPhoneSimulator
		{55265E4F-66B4-4073-88DB-4B1E56C3DA5E}.Debug|Any CPU.Build.0 = Debug|iPhoneSimulator
		{55265E4F-66B4-4073-88DB-4B1E56C3DA5E}.Debug|Any CPU.Deploy.0 = Debug|iPhoneSimulator
		{55265E4F-66B4-4073-88DB-4B1E56C3DA5E}.Debug|iPhone.ActiveCfg = Debug|iPhone
		{55265E4F-66B4-4073-88DB-4B1E56C3DA5E}.Debug|iPhone.Build.0 = Debug|iPhone
		{55265E4F-66B4-4073-88DB-4B1E56C3DA5E}.Debug|iPhone.Deploy.0 = Debug|iPhone
		{55265E4F-66B4-4073-88DB-4B1E56C3DA5E}.Debug|iPhoneSimulator.ActiveCfg = Debug|iPhoneSimulator
		{55265E4F-66B4-4073-88DB-4B1E56C3DA5E}.Debug|iPhoneSimulator.Build.0 = Debug|iPhoneSimulator
		{55265E4F-66B4-4073-88DB-4B1E56C3DA5E}.Debug|iPhoneSimulator.Deploy.0 = Debug|iPhoneSimulator
		{55265E4F-66B4-4073-88DB-4B1E56C3DA5E}.Release|Any CPU.ActiveCfg = Release|iPhone
		{55265E4F-66B4-4073-88DB-4B1E56C3DA5E}.Release|Any CPU.Build.0 = Release|iPhone
		{55265E4F-66B4-4073-88DB-4B1E56C3DA5E}.Release|Any CPU.Deploy.0 = Release|iPhone
		{55265E4F-66B4-4073-88DB-4B1E56C3DA5E}.Release|iPhone.ActiveCfg = Release|iPhone
		{55265E4F-66B4-4073-88DB-4B1E56C3DA5E}.Release|iPhone.Build.0 = Release|iPhone
		{55265E4F-66B4-4073-88DB-4B1E56C3DA5E}.Release|iPhone.Deploy.0 = Release|iPhone
		{55265E4F-66B4-4073-88DB-4B1E56C3DA5E}.Release|iPhoneSimulator.ActiveCfg = Release|iPhoneSimulator
		{55265E4F-66B4-4073-88DB-4B1E56C3DA5E}.Release|iPhoneSimulator.Build.0 = Release|iPhoneSimulator
		{55265E4F-66B4-4073-88DB-4B1E56C3DA5E}.Release|iPhoneSimulator.Deploy.0 = Release|iPhoneSimulator
		{D6ABFFBB-DE9F-432F-9E2D-CFA8B0C8090A}.Debug|Any CPU.ActiveCfg = Debug|Any CPU
		{D6ABFFBB-DE9F-432F-9E2D-CFA8B0C8090A}.Debug|Any CPU.Build.0 = Debug|Any CPU
		{D6ABFFBB-DE9F-432F-9E2D-CFA8B0C8090A}.Debug|Any CPU.Deploy.0 = Debug|Any CPU
		{D6ABFFBB-DE9F-432F-9E2D-CFA8B0C8090A}.Debug|iPhone.ActiveCfg = Debug|Any CPU
		{D6ABFFBB-DE9F-432F-9E2D-CFA8B0C8090A}.Debug|iPhone.Build.0 = Debug|Any CPU
		{D6ABFFBB-DE9F-432F-9E2D-CFA8B0C8090A}.Debug|iPhone.Deploy.0 = Debug|Any CPU
		{D6ABFFBB-DE9F-432F-9E2D-CFA8B0C8090A}.Debug|iPhoneSimulator.ActiveCfg = Debug|Any CPU
		{D6ABFFBB-DE9F-432F-9E2D-CFA8B0C8090A}.Debug|iPhoneSimulator.Build.0 = Debug|Any CPU
		{D6ABFFBB-DE9F-432F-9E2D-CFA8B0C8090A}.Debug|iPhoneSimulator.Deploy.0 = Debug|Any CPU
		{D6ABFFBB-DE9F-432F-9E2D-CFA8B0C8090A}.Release|Any CPU.ActiveCfg = Release|Any CPU
		{D6ABFFBB-DE9F-432F-9E2D-CFA8B0C8090A}.Release|Any CPU.Build.0 = Release|Any CPU
		{D6ABFFBB-DE9F-432F-9E2D-CFA8B0C8090A}.Release|Any CPU.Deploy.0 = Release|Any CPU
		{D6ABFFBB-DE9F-432F-9E2D-CFA8B0C8090A}.Release|iPhone.ActiveCfg = Release|Any CPU
		{D6ABFFBB-DE9F-432F-9E2D-CFA8B0C8090A}.Release|iPhone.Build.0 = Release|Any CPU
		{D6ABFFBB-DE9F-432F-9E2D-CFA8B0C8090A}.Release|iPhone.Deploy.0 = Release|Any CPU
		{D6ABFFBB-DE9F-432F-9E2D-CFA8B0C8090A}.Release|iPhoneSimulator.ActiveCfg = Release|Any CPU
		{D6ABFFBB-DE9F-432F-9E2D-CFA8B0C8090A}.Release|iPhoneSimulator.Build.0 = Release|Any CPU
		{D6ABFFBB-DE9F-432F-9E2D-CFA8B0C8090A}.Release|iPhoneSimulator.Deploy.0 = Release|Any CPU
	EndGlobalSection
	GlobalSection(SolutionProperties) = preSolution
		HideSolutionNode = FALSE
	EndGlobalSection
	GlobalSection(ExtensibilityGlobals) = postSolution
		SolutionGuid = {60FC51D0-A3C3-4AC0-8563-66A2EE7B9E13}
	EndGlobalSection
EndGlobal
